// !$*UTF8*$!
{
	archiveVersion = 1;
	classes = {
	};
	objectVersion = 46;
	objects = {

/* Begin PBXBuildFile section */
		3A0CC4881FAF24B100C3377C /* AppDelegate.swift in Sources */ = {isa = PBXBuildFile; fileRef = 3A0CC4871FAF24B100C3377C /* AppDelegate.swift */; };
		3A0CC48F1FAF24B100C3377C /* Assets.xcassets in Resources */ = {isa = PBXBuildFile; fileRef = 3A0CC48E1FAF24B100C3377C /* Assets.xcassets */; };
		3A0CC4921FAF24B100C3377C /* LaunchScreen.storyboard in Resources */ = {isa = PBXBuildFile; fileRef = 3A0CC4901FAF24B100C3377C /* LaunchScreen.storyboard */; };
		3A0CC49D1FAF24B100C3377C /* LBTVTests.swift in Sources */ = {isa = PBXBuildFile; fileRef = 3A0CC49C1FAF24B100C3377C /* LBTVTests.swift */; };
		3A0CC4A81FAF24B100C3377C /* LBTVUITests.swift in Sources */ = {isa = PBXBuildFile; fileRef = 3A0CC4A71FAF24B100C3377C /* LBTVUITests.swift */; };
		3A0CC4DE1FAF2B2800C3377C /* NSArray+Log.m in Sources */ = {isa = PBXBuildFile; fileRef = 3A0CC4C71FAF2B2800C3377C /* NSArray+Log.m */; };
		3A0CC4DF1FAF2B2800C3377C /* NSAttributedString+CZAdditon.m in Sources */ = {isa = PBXBuildFile; fileRef = 3A0CC4C91FAF2B2800C3377C /* NSAttributedString+CZAdditon.m */; };
		3A0CC4E01FAF2B2800C3377C /* NSObject+CZRuntime.m in Sources */ = {isa = PBXBuildFile; fileRef = 3A0CC4CB1FAF2B2800C3377C /* NSObject+CZRuntime.m */; };
		3A0CC4E11FAF2B2800C3377C /* NSString+CZBase64.m in Sources */ = {isa = PBXBuildFile; fileRef = 3A0CC4CD1FAF2B2800C3377C /* NSString+CZBase64.m */; };
		3A0CC4E21FAF2B2800C3377C /* NSString+CZHash.m in Sources */ = {isa = PBXBuildFile; fileRef = 3A0CC4CF1FAF2B2800C3377C /* NSString+CZHash.m */; };
		3A0CC4E31FAF2B2800C3377C /* NSString+CZPath.m in Sources */ = {isa = PBXBuildFile; fileRef = 3A0CC4D11FAF2B2800C3377C /* NSString+CZPath.m */; };
		3A0CC4E41FAF2B2800C3377C /* UIButton+CZAddition.m in Sources */ = {isa = PBXBuildFile; fileRef = 3A0CC4D31FAF2B2800C3377C /* UIButton+CZAddition.m */; };
		3A0CC4E51FAF2B2800C3377C /* UIColor+CZAddition.m in Sources */ = {isa = PBXBuildFile; fileRef = 3A0CC4D51FAF2B2800C3377C /* UIColor+CZAddition.m */; };
		3A0CC4E61FAF2B2800C3377C /* UILabel+CZAddition.m in Sources */ = {isa = PBXBuildFile; fileRef = 3A0CC4D71FAF2B2800C3377C /* UILabel+CZAddition.m */; };
		3A0CC4E71FAF2B2800C3377C /* UIScreen+CZAddition.m in Sources */ = {isa = PBXBuildFile; fileRef = 3A0CC4D91FAF2B2800C3377C /* UIScreen+CZAddition.m */; };
		3A0CC4E81FAF2B2800C3377C /* UIView+CZAddition.m in Sources */ = {isa = PBXBuildFile; fileRef = 3A0CC4DB1FAF2B2800C3377C /* UIView+CZAddition.m */; };
		3A0CC4E91FAF2B2800C3377C /* UIViewController+CZAddition.m in Sources */ = {isa = PBXBuildFile; fileRef = 3A0CC4DD1FAF2B2800C3377C /* UIViewController+CZAddition.m */; };
		3A0CC4EB1FAF2CDD00C3377C /* LBMainTabBarController.swift in Sources */ = {isa = PBXBuildFile; fileRef = 3A0CC4EA1FAF2CDD00C3377C /* LBMainTabBarController.swift */; };
		3A0CC4EF1FAF2D3A00C3377C /* LBMainTabBar.storyboard in Resources */ = {isa = PBXBuildFile; fileRef = 3A0CC4EE1FAF2D3A00C3377C /* LBMainTabBar.storyboard */; };
		3A0CC4F41FAF2FA300C3377C /* LBDiscover.storyboard in Resources */ = {isa = PBXBuildFile; fileRef = 3A0CC4F31FAF2FA300C3377C /* LBDiscover.storyboard */; };
		3A0CC4F61FAF2FBB00C3377C /* LBProfile.storyboard in Resources */ = {isa = PBXBuildFile; fileRef = 3A0CC4F51FAF2FBB00C3377C /* LBProfile.storyboard */; };
		3A0CC4F81FAF2FD600C3377C /* LBHome.storyboard in Resources */ = {isa = PBXBuildFile; fileRef = 3A0CC4F71FAF2FD600C3377C /* LBHome.storyboard */; };
		3A0CC4FA1FAF2FF600C3377C /* LBHomeController.swift in Sources */ = {isa = PBXBuildFile; fileRef = 3A0CC4F91FAF2FF600C3377C /* LBHomeController.swift */; };
		3A0CC4FC1FAF301600C3377C /* LBRankController.swift in Sources */ = {isa = PBXBuildFile; fileRef = 3A0CC4FB1FAF301600C3377C /* LBRankController.swift */; };
		3A0CC4FE1FAF302200C3377C /* LBRank.storyboard in Resources */ = {isa = PBXBuildFile; fileRef = 3A0CC4FD1FAF302200C3377C /* LBRank.storyboard */; };
		3A0CC5001FAF304A00C3377C /* LBDiscoverController.swift in Sources */ = {isa = PBXBuildFile; fileRef = 3A0CC4FF1FAF304A00C3377C /* LBDiscoverController.swift */; };
		3A0CC5021FAF306000C3377C /* LBProfileController.swift in Sources */ = {isa = PBXBuildFile; fileRef = 3A0CC5011FAF306000C3377C /* LBProfileController.swift */; };
		3A0CC5041FAF308400C3377C /* LBNavController.swift in Sources */ = {isa = PBXBuildFile; fileRef = 3A0CC5031FAF308400C3377C /* LBNavController.swift */; };
		3A566A752060F69100912CCF /* NSDate+Extension.swift in Sources */ = {isa = PBXBuildFile; fileRef = 3A566A742060F69100912CCF /* NSDate+Extension.swift */; };
		3A566A782060F70400912CCF /* LBConst.swift in Sources */ = {isa = PBXBuildFile; fileRef = 3A566A772060F70400912CCF /* LBConst.swift */; };
		3A566A7A2060F83700912CCF /* types.plist in Resources */ = {isa = PBXBuildFile; fileRef = 3A566A792060F83700912CCF /* types.plist */; };
		3A566A7D2060F93100912CCF /* LBHomeType.swift in Sources */ = {isa = PBXBuildFile; fileRef = 3A566A7C2060F93100912CCF /* LBHomeType.swift */; };
		5C0774326FAA191A126D20EA /* Pods_LBTV.framework in Frameworks */ = {isa = PBXBuildFile; fileRef = ED5BCA5E071E612E7FEFB2CE /* Pods_LBTV.framework */; };
		F86FE5492029830200010E27 /* homepage_btn_play_n@2x.png in Resources */ = {isa = PBXBuildFile; fileRef = F86FE5372029830100010E27 /* homepage_btn_play_n@2x.png */; };
		F86FE54A2029830200010E27 /* found-p@2x.png in Resources */ = {isa = PBXBuildFile; fileRef = F86FE5382029830100010E27 /* found-p@2x.png */; };
		F86FE54B2029830200010E27 /* mine-n@2x.png in Resources */ = {isa = PBXBuildFile; fileRef = F86FE5392029830100010E27 /* mine-n@2x.png */; };
		F86FE54C2029830200010E27 /* live-n@2x.png in Resources */ = {isa = PBXBuildFile; fileRef = F86FE53A2029830100010E27 /* live-n@2x.png */; };
		F86FE54D2029830200010E27 /* found-n@2x.png in Resources */ = {isa = PBXBuildFile; fileRef = F86FE53B2029830100010E27 /* found-n@2x.png */; };
		F86FE54E2029830200010E27 /* found-n@3x.png in Resources */ = {isa = PBXBuildFile; fileRef = F86FE53C2029830100010E27 /* found-n@3x.png */; };
		F86FE54F2029830200010E27 /* mine-p@3x.png in Resources */ = {isa = PBXBuildFile; fileRef = F86FE53D2029830100010E27 /* mine-p@3x.png */; };
		F86FE5502029830200010E27 /* ranking-n@2x.png in Resources */ = {isa = PBXBuildFile; fileRef = F86FE53E2029830100010E27 /* ranking-n@2x.png */; };
		F86FE5512029830200010E27 /* homepage_btn_play_n@3x.png in Resources */ = {isa = PBXBuildFile; fileRef = F86FE53F2029830100010E27 /* homepage_btn_play_n@3x.png */; };
		F86FE5522029830200010E27 /* live-n@3x.png in Resources */ = {isa = PBXBuildFile; fileRef = F86FE5402029830100010E27 /* live-n@3x.png */; };
		F86FE5532029830200010E27 /* mine-n@3x.png in Resources */ = {isa = PBXBuildFile; fileRef = F86FE5412029830100010E27 /* mine-n@3x.png */; };
		F86FE5542029830200010E27 /* live-p@2x.png in Resources */ = {isa = PBXBuildFile; fileRef = F86FE5422029830200010E27 /* live-p@2x.png */; };
		F86FE5552029830200010E27 /* found-p@3x.png in Resources */ = {isa = PBXBuildFile; fileRef = F86FE5432029830200010E27 /* found-p@3x.png */; };
		F86FE5562029830200010E27 /* mine-p@2x.png in Resources */ = {isa = PBXBuildFile; fileRef = F86FE5442029830200010E27 /* mine-p@2x.png */; };
		F86FE5572029830200010E27 /* ranking-n@3x.png in Resources */ = {isa = PBXBuildFile; fileRef = F86FE5452029830200010E27 /* ranking-n@3x.png */; };
		F86FE5582029830200010E27 /* ranking-p@3x.png in Resources */ = {isa = PBXBuildFile; fileRef = F86FE5462029830200010E27 /* ranking-p@3x.png */; };
		F86FE5592029830200010E27 /* ranking-p@2x.png in Resources */ = {isa = PBXBuildFile; fileRef = F86FE5472029830200010E27 /* ranking-p@2x.png */; };
		F86FE55A2029830200010E27 /* live-p@3x.png in Resources */ = {isa = PBXBuildFile; fileRef = F86FE5482029830200010E27 /* live-p@3x.png */; };
		F877D9962020524900B6030F /* UIColor+Extension.swift in Sources */ = {isa = PBXBuildFile; fileRef = F877D9952020524900B6030F /* UIColor+Extension.swift */; };
/* End PBXBuildFile section */

/* Begin PBXContainerItemProxy section */
		3A0CC4991FAF24B100C3377C /* PBXContainerItemProxy */ = {
			isa = PBXContainerItemProxy;
			containerPortal = 3A0CC47C1FAF24B100C3377C /* Project object */;
			proxyType = 1;
			remoteGlobalIDString = 3A0CC4831FAF24B100C3377C;
			remoteInfo = LBTV;
		};
		3A0CC4A41FAF24B100C3377C /* PBXContainerItemProxy */ = {
			isa = PBXContainerItemProxy;
			containerPortal = 3A0CC47C1FAF24B100C3377C /* Project object */;
			proxyType = 1;
			remoteGlobalIDString = 3A0CC4831FAF24B100C3377C;
			remoteInfo = LBTV;
		};
/* End PBXContainerItemProxy section */

/* Begin PBXFileReference section */
		3A0CC4841FAF24B100C3377C /* LBTV.app */ = {isa = PBXFileReference; explicitFileType = wrapper.application; includeInIndex = 0; path = LBTV.app; sourceTree = BUILT_PRODUCTS_DIR; };
		3A0CC4871FAF24B100C3377C /* AppDelegate.swift */ = {isa = PBXFileReference; lastKnownFileType = sourcecode.swift; path = AppDelegate.swift; sourceTree = "<group>"; };
		3A0CC48E1FAF24B100C3377C /* Assets.xcassets */ = {isa = PBXFileReference; lastKnownFileType = folder.assetcatalog; path = Assets.xcassets; sourceTree = "<group>"; };
		3A0CC4911FAF24B100C3377C /* Base */ = {isa = PBXFileReference; lastKnownFileType = file.storyboard; name = Base; path = Base.lproj/LaunchScreen.storyboard; sourceTree = "<group>"; };
		3A0CC4931FAF24B100C3377C /* Info.plist */ = {isa = PBXFileReference; lastKnownFileType = text.plist.xml; path = Info.plist; sourceTree = "<group>"; };
		3A0CC4981FAF24B100C3377C /* LBTVTests.xctest */ = {isa = PBXFileReference; explicitFileType = wrapper.cfbundle; includeInIndex = 0; path = LBTVTests.xctest; sourceTree = BUILT_PRODUCTS_DIR; };
		3A0CC49C1FAF24B100C3377C /* LBTVTests.swift */ = {isa = PBXFileReference; lastKnownFileType = sourcecode.swift; path = LBTVTests.swift; sourceTree = "<group>"; };
		3A0CC49E1FAF24B100C3377C /* Info.plist */ = {isa = PBXFileReference; lastKnownFileType = text.plist.xml; path = Info.plist; sourceTree = "<group>"; };
		3A0CC4A31FAF24B100C3377C /* LBTVUITests.xctest */ = {isa = PBXFileReference; explicitFileType = wrapper.cfbundle; includeInIndex = 0; path = LBTVUITests.xctest; sourceTree = BUILT_PRODUCTS_DIR; };
		3A0CC4A71FAF24B100C3377C /* LBTVUITests.swift */ = {isa = PBXFileReference; lastKnownFileType = sourcecode.swift; path = LBTVUITests.swift; sourceTree = "<group>"; };
		3A0CC4A91FAF24B100C3377C /* Info.plist */ = {isa = PBXFileReference; lastKnownFileType = text.plist.xml; path = Info.plist; sourceTree = "<group>"; };
		3A0CC4C21FAF2AC200C3377C /* LBBridingHeader.h */ = {isa = PBXFileReference; fileEncoding = 4; lastKnownFileType = sourcecode.c.h; path = LBBridingHeader.h; sourceTree = "<group>"; };
		3A0CC4C51FAF2B2800C3377C /* CZAdditions.h */ = {isa = PBXFileReference; fileEncoding = 4; lastKnownFileType = sourcecode.c.h; path = CZAdditions.h; sourceTree = "<group>"; };
		3A0CC4C61FAF2B2800C3377C /* NSArray+Log.h */ = {isa = PBXFileReference; fileEncoding = 4; lastKnownFileType = sourcecode.c.h; path = "NSArray+Log.h"; sourceTree = "<group>"; };
		3A0CC4C71FAF2B2800C3377C /* NSArray+Log.m */ = {isa = PBXFileReference; fileEncoding = 4; lastKnownFileType = sourcecode.c.objc; path = "NSArray+Log.m"; sourceTree = "<group>"; };
		3A0CC4C81FAF2B2800C3377C /* NSAttributedString+CZAdditon.h */ = {isa = PBXFileReference; fileEncoding = 4; lastKnownFileType = sourcecode.c.h; path = "NSAttributedString+CZAdditon.h"; sourceTree = "<group>"; };
		3A0CC4C91FAF2B2800C3377C /* NSAttributedString+CZAdditon.m */ = {isa = PBXFileReference; fileEncoding = 4; lastKnownFileType = sourcecode.c.objc; path = "NSAttributedString+CZAdditon.m"; sourceTree = "<group>"; };
		3A0CC4CA1FAF2B2800C3377C /* NSObject+CZRuntime.h */ = {isa = PBXFileReference; fileEncoding = 4; lastKnownFileType = sourcecode.c.h; path = "NSObject+CZRuntime.h"; sourceTree = "<group>"; };
		3A0CC4CB1FAF2B2800C3377C /* NSObject+CZRuntime.m */ = {isa = PBXFileReference; fileEncoding = 4; lastKnownFileType = sourcecode.c.objc; path = "NSObject+CZRuntime.m"; sourceTree = "<group>"; };
		3A0CC4CC1FAF2B2800C3377C /* NSString+CZBase64.h */ = {isa = PBXFileReference; fileEncoding = 4; lastKnownFileType = sourcecode.c.h; path = "NSString+CZBase64.h"; sourceTree = "<group>"; };
		3A0CC4CD1FAF2B2800C3377C /* NSString+CZBase64.m */ = {isa = PBXFileReference; fileEncoding = 4; lastKnownFileType = sourcecode.c.objc; path = "NSString+CZBase64.m"; sourceTree = "<group>"; };
		3A0CC4CE1FAF2B2800C3377C /* NSString+CZHash.h */ = {isa = PBXFileReference; fileEncoding = 4; lastKnownFileType = sourcecode.c.h; path = "NSString+CZHash.h"; sourceTree = "<group>"; };
		3A0CC4CF1FAF2B2800C3377C /* NSString+CZHash.m */ = {isa = PBXFileReference; fileEncoding = 4; lastKnownFileType = sourcecode.c.objc; path = "NSString+CZHash.m"; sourceTree = "<group>"; };
		3A0CC4D01FAF2B2800C3377C /* NSString+CZPath.h */ = {isa = PBXFileReference; fileEncoding = 4; lastKnownFileType = sourcecode.c.h; path = "NSString+CZPath.h"; sourceTree = "<group>"; };
		3A0CC4D11FAF2B2800C3377C /* NSString+CZPath.m */ = {isa = PBXFileReference; fileEncoding = 4; lastKnownFileType = sourcecode.c.objc; path = "NSString+CZPath.m"; sourceTree = "<group>"; };
		3A0CC4D21FAF2B2800C3377C /* UIButton+CZAddition.h */ = {isa = PBXFileReference; fileEncoding = 4; lastKnownFileType = sourcecode.c.h; path = "UIButton+CZAddition.h"; sourceTree = "<group>"; };
		3A0CC4D31FAF2B2800C3377C /* UIButton+CZAddition.m */ = {isa = PBXFileReference; fileEncoding = 4; lastKnownFileType = sourcecode.c.objc; path = "UIButton+CZAddition.m"; sourceTree = "<group>"; };
		3A0CC4D41FAF2B2800C3377C /* UIColor+CZAddition.h */ = {isa = PBXFileReference; fileEncoding = 4; lastKnownFileType = sourcecode.c.h; path = "UIColor+CZAddition.h"; sourceTree = "<group>"; };
		3A0CC4D51FAF2B2800C3377C /* UIColor+CZAddition.m */ = {isa = PBXFileReference; fileEncoding = 4; lastKnownFileType = sourcecode.c.objc; path = "UIColor+CZAddition.m"; sourceTree = "<group>"; };
		3A0CC4D61FAF2B2800C3377C /* UILabel+CZAddition.h */ = {isa = PBXFileReference; fileEncoding = 4; lastKnownFileType = sourcecode.c.h; path = "UILabel+CZAddition.h"; sourceTree = "<group>"; };
		3A0CC4D71FAF2B2800C3377C /* UILabel+CZAddition.m */ = {isa = PBXFileReference; fileEncoding = 4; lastKnownFileType = sourcecode.c.objc; path = "UILabel+CZAddition.m"; sourceTree = "<group>"; };
		3A0CC4D81FAF2B2800C3377C /* UIScreen+CZAddition.h */ = {isa = PBXFileReference; fileEncoding = 4; lastKnownFileType = sourcecode.c.h; path = "UIScreen+CZAddition.h"; sourceTree = "<group>"; };
		3A0CC4D91FAF2B2800C3377C /* UIScreen+CZAddition.m */ = {isa = PBXFileReference; fileEncoding = 4; lastKnownFileType = sourcecode.c.objc; path = "UIScreen+CZAddition.m"; sourceTree = "<group>"; };
		3A0CC4DA1FAF2B2800C3377C /* UIView+CZAddition.h */ = {isa = PBXFileReference; fileEncoding = 4; lastKnownFileType = sourcecode.c.h; path = "UIView+CZAddition.h"; sourceTree = "<group>"; };
		3A0CC4DB1FAF2B2800C3377C /* UIView+CZAddition.m */ = {isa = PBXFileReference; fileEncoding = 4; lastKnownFileType = sourcecode.c.objc; path = "UIView+CZAddition.m"; sourceTree = "<group>"; };
		3A0CC4DC1FAF2B2800C3377C /* UIViewController+CZAddition.h */ = {isa = PBXFileReference; fileEncoding = 4; lastKnownFileType = sourcecode.c.h; path = "UIViewController+CZAddition.h"; sourceTree = "<group>"; };
		3A0CC4DD1FAF2B2800C3377C /* UIViewController+CZAddition.m */ = {isa = PBXFileReference; fileEncoding = 4; lastKnownFileType = sourcecode.c.objc; path = "UIViewController+CZAddition.m"; sourceTree = "<group>"; };
		3A0CC4EA1FAF2CDD00C3377C /* LBMainTabBarController.swift */ = {isa = PBXFileReference; fileEncoding = 4; lastKnownFileType = sourcecode.swift; path = LBMainTabBarController.swift; sourceTree = "<group>"; };
		3A0CC4EE1FAF2D3A00C3377C /* LBMainTabBar.storyboard */ = {isa = PBXFileReference; fileEncoding = 4; lastKnownFileType = file.storyboard; path = LBMainTabBar.storyboard; sourceTree = "<group>"; };
		3A0CC4F31FAF2FA300C3377C /* LBDiscover.storyboard */ = {isa = PBXFileReference; fileEncoding = 4; lastKnownFileType = file.storyboard; path = LBDiscover.storyboard; sourceTree = "<group>"; };
		3A0CC4F51FAF2FBB00C3377C /* LBProfile.storyboard */ = {isa = PBXFileReference; fileEncoding = 4; lastKnownFileType = file.storyboard; path = LBProfile.storyboard; sourceTree = "<group>"; };
		3A0CC4F71FAF2FD600C3377C /* LBHome.storyboard */ = {isa = PBXFileReference; fileEncoding = 4; lastKnownFileType = file.storyboard; path = LBHome.storyboard; sourceTree = "<group>"; };
		3A0CC4F91FAF2FF600C3377C /* LBHomeController.swift */ = {isa = PBXFileReference; fileEncoding = 4; lastKnownFileType = sourcecode.swift; path = LBHomeController.swift; sourceTree = "<group>"; };
		3A0CC4FB1FAF301600C3377C /* LBRankController.swift */ = {isa = PBXFileReference; fileEncoding = 4; lastKnownFileType = sourcecode.swift; path = LBRankController.swift; sourceTree = "<group>"; };
		3A0CC4FD1FAF302200C3377C /* LBRank.storyboard */ = {isa = PBXFileReference; fileEncoding = 4; lastKnownFileType = file.storyboard; path = LBRank.storyboard; sourceTree = "<group>"; };
		3A0CC4FF1FAF304A00C3377C /* LBDiscoverController.swift */ = {isa = PBXFileReference; fileEncoding = 4; lastKnownFileType = sourcecode.swift; path = LBDiscoverController.swift; sourceTree = "<group>"; };
		3A0CC5011FAF306000C3377C /* LBProfileController.swift */ = {isa = PBXFileReference; fileEncoding = 4; lastKnownFileType = sourcecode.swift; path = LBProfileController.swift; sourceTree = "<group>"; };
		3A0CC5031FAF308400C3377C /* LBNavController.swift */ = {isa = PBXFileReference; fileEncoding = 4; lastKnownFileType = sourcecode.swift; path = LBNavController.swift; sourceTree = "<group>"; };
		3A566A742060F69100912CCF /* NSDate+Extension.swift */ = {isa = PBXFileReference; lastKnownFileType = sourcecode.swift; path = "NSDate+Extension.swift"; sourceTree = "<group>"; };
		3A566A772060F70400912CCF /* LBConst.swift */ = {isa = PBXFileReference; lastKnownFileType = sourcecode.swift; path = LBConst.swift; sourceTree = "<group>"; };
		3A566A792060F83700912CCF /* types.plist */ = {isa = PBXFileReference; fileEncoding = 4; lastKnownFileType = text.plist.xml; path = types.plist; sourceTree = "<group>"; };
		3A566A7C2060F93100912CCF /* LBHomeType.swift */ = {isa = PBXFileReference; lastKnownFileType = sourcecode.swift; path = LBHomeType.swift; sourceTree = "<group>"; };
		4035BB28028613F18C71BD69 /* Pods-LBTV.release.xcconfig */ = {isa = PBXFileReference; includeInIndex = 1; lastKnownFileType = text.xcconfig; name = "Pods-LBTV.release.xcconfig"; path = "Pods/Target Support Files/Pods-LBTV/Pods-LBTV.release.xcconfig"; sourceTree = "<group>"; };
		72B9ED3BE1788D970C6548D4 /* Pods-LBTV.debug.xcconfig */ = {isa = PBXFileReference; includeInIndex = 1; lastKnownFileType = text.xcconfig; name = "Pods-LBTV.debug.xcconfig"; path = "Pods/Target Support Files/Pods-LBTV/Pods-LBTV.debug.xcconfig"; sourceTree = "<group>"; };
		ED5BCA5E071E612E7FEFB2CE /* Pods_LBTV.framework */ = {isa = PBXFileReference; explicitFileType = wrapper.framework; includeInIndex = 0; path = Pods_LBTV.framework; sourceTree = BUILT_PRODUCTS_DIR; };
		F86FE5372029830100010E27 /* homepage_btn_play_n@2x.png */ = {isa = PBXFileReference; lastKnownFileType = image.png; path = "homepage_btn_play_n@2x.png"; sourceTree = "<group>"; };
		F86FE5382029830100010E27 /* found-p@2x.png */ = {isa = PBXFileReference; lastKnownFileType = image.png; path = "found-p@2x.png"; sourceTree = "<group>"; };
		F86FE5392029830100010E27 /* mine-n@2x.png */ = {isa = PBXFileReference; lastKnownFileType = image.png; path = "mine-n@2x.png"; sourceTree = "<group>"; };
		F86FE53A2029830100010E27 /* live-n@2x.png */ = {isa = PBXFileReference; lastKnownFileType = image.png; path = "live-n@2x.png"; sourceTree = "<group>"; };
		F86FE53B2029830100010E27 /* found-n@2x.png */ = {isa = PBXFileReference; lastKnownFileType = image.png; path = "found-n@2x.png"; sourceTree = "<group>"; };
		F86FE53C2029830100010E27 /* found-n@3x.png */ = {isa = PBXFileReference; lastKnownFileType = image.png; path = "found-n@3x.png"; sourceTree = "<group>"; };
		F86FE53D2029830100010E27 /* mine-p@3x.png */ = {isa = PBXFileReference; lastKnownFileType = image.png; path = "mine-p@3x.png"; sourceTree = "<group>"; };
		F86FE53E2029830100010E27 /* ranking-n@2x.png */ = {isa = PBXFileReference; lastKnownFileType = image.png; path = "ranking-n@2x.png"; sourceTree = "<group>"; };
		F86FE53F2029830100010E27 /* homepage_btn_play_n@3x.png */ = {isa = PBXFileReference; lastKnownFileType = image.png; path = "homepage_btn_play_n@3x.png"; sourceTree = "<group>"; };
		F86FE5402029830100010E27 /* live-n@3x.png */ = {isa = PBXFileReference; lastKnownFileType = image.png; path = "live-n@3x.png"; sourceTree = "<group>"; };
		F86FE5412029830100010E27 /* mine-n@3x.png */ = {isa = PBXFileReference; lastKnownFileType = image.png; path = "mine-n@3x.png"; sourceTree = "<group>"; };
		F86FE5422029830200010E27 /* live-p@2x.png */ = {isa = PBXFileReference; lastKnownFileType = image.png; path = "live-p@2x.png"; sourceTree = "<group>"; };
		F86FE5432029830200010E27 /* found-p@3x.png */ = {isa = PBXFileReference; lastKnownFileType = image.png; path = "found-p@3x.png"; sourceTree = "<group>"; };
		F86FE5442029830200010E27 /* mine-p@2x.png */ = {isa = PBXFileReference; lastKnownFileType = image.png; path = "mine-p@2x.png"; sourceTree = "<group>"; };
		F86FE5452029830200010E27 /* ranking-n@3x.png */ = {isa = PBXFileReference; lastKnownFileType = image.png; path = "ranking-n@3x.png"; sourceTree = "<group>"; };
		F86FE5462029830200010E27 /* ranking-p@3x.png */ = {isa = PBXFileReference; lastKnownFileType = image.png; path = "ranking-p@3x.png"; sourceTree = "<group>"; };
		F86FE5472029830200010E27 /* ranking-p@2x.png */ = {isa = PBXFileReference; lastKnownFileType = image.png; path = "ranking-p@2x.png"; sourceTree = "<group>"; };
		F86FE5482029830200010E27 /* live-p@3x.png */ = {isa = PBXFileReference; lastKnownFileType = image.png; path = "live-p@3x.png"; sourceTree = "<group>"; };
		F877D9952020524900B6030F /* UIColor+Extension.swift */ = {isa = PBXFileReference; lastKnownFileType = sourcecode.swift; path = "UIColor+Extension.swift"; sourceTree = "<group>"; };
/* End PBXFileReference section */

/* Begin PBXFrameworksBuildPhase section */
		3A0CC4811FAF24B100C3377C /* Frameworks */ = {
			isa = PBXFrameworksBuildPhase;
			buildActionMask = 2147483647;
			files = (
				5C0774326FAA191A126D20EA /* Pods_LBTV.framework in Frameworks */,
			);
			runOnlyForDeploymentPostprocessing = 0;
		};
		3A0CC4951FAF24B100C3377C /* Frameworks */ = {
			isa = PBXFrameworksBuildPhase;
			buildActionMask = 2147483647;
			files = (
			);
			runOnlyForDeploymentPostprocessing = 0;
		};
		3A0CC4A01FAF24B100C3377C /* Frameworks */ = {
			isa = PBXFrameworksBuildPhase;
			buildActionMask = 2147483647;
			files = (
			);
			runOnlyForDeploymentPostprocessing = 0;
		};
/* End PBXFrameworksBuildPhase section */

/* Begin PBXGroup section */
		36C1BD792A444FC749CF71BF /* Frameworks */ = {
			isa = PBXGroup;
			children = (
				ED5BCA5E071E612E7FEFB2CE /* Pods_LBTV.framework */,
			);
			name = Frameworks;
			sourceTree = "<group>";
		};
		3A0CC47B1FAF24B100C3377C = {
			isa = PBXGroup;
			children = (
				3A0CC4861FAF24B100C3377C /* LBTV */,
				3A0CC49B1FAF24B100C3377C /* LBTVTests */,
				3A0CC4A61FAF24B100C3377C /* LBTVUITests */,
				3A0CC4851FAF24B100C3377C /* Products */,
				3D1D08316B2D7EB3EA878187 /* Pods */,
				36C1BD792A444FC749CF71BF /* Frameworks */,
			);
			sourceTree = "<group>";
		};
		3A0CC4851FAF24B100C3377C /* Products */ = {
			isa = PBXGroup;
			children = (
				3A0CC4841FAF24B100C3377C /* LBTV.app */,
				3A0CC4981FAF24B100C3377C /* LBTVTests.xctest */,
				3A0CC4A31FAF24B100C3377C /* LBTVUITests.xctest */,
			);
			name = Products;
			sourceTree = "<group>";
		};
		3A0CC4861FAF24B100C3377C /* LBTV */ = {
			isa = PBXGroup;
			children = (
				3A0CC4B51FAF258900C3377C /* classes */,
				3A0CC4871FAF24B100C3377C /* AppDelegate.swift */,
				3A0CC4C21FAF2AC200C3377C /* LBBridingHeader.h */,
				3A0CC48E1FAF24B100C3377C /* Assets.xcassets */,
				3A0CC4901FAF24B100C3377C /* LaunchScreen.storyboard */,
				3A0CC4931FAF24B100C3377C /* Info.plist */,
			);
			path = LBTV;
			sourceTree = "<group>";
		};
		3A0CC49B1FAF24B100C3377C /* LBTVTests */ = {
			isa = PBXGroup;
			children = (
				3A0CC49C1FAF24B100C3377C /* LBTVTests.swift */,
				3A0CC49E1FAF24B100C3377C /* Info.plist */,
			);
			path = LBTVTests;
			sourceTree = "<group>";
		};
		3A0CC4A61FAF24B100C3377C /* LBTVUITests */ = {
			isa = PBXGroup;
			children = (
				3A0CC4A71FAF24B100C3377C /* LBTVUITests.swift */,
				3A0CC4A91FAF24B100C3377C /* Info.plist */,
			);
			path = LBTVUITests;
			sourceTree = "<group>";
		};
		3A0CC4B51FAF258900C3377C /* classes */ = {
			isa = PBXGroup;
			children = (
				3A0E14DE205F640D00D52325 /* base */,
				F86FE5312029823200010E27 /* source */,
				3A0CC4B81FAF258900C3377C /* main */,
				3A0CC4B71FAF258900C3377C /* home */,
				3A0CC4BA1FAF258900C3377C /* profile */,
				3A0CC4BB1FAF258900C3377C /* rank */,
				3A0CC4F01FAF2F5C00C3377C /* discover */,
				3A0CC4C31FAF2B2800C3377C /* tool */,
			);
			path = classes;
			sourceTree = "<group>";
		};
		3A0CC4B71FAF258900C3377C /* home */ = {
			isa = PBXGroup;
			children = (
				3A566A7B2060F91800912CCF /* model */,
				3A0CC4F71FAF2FD600C3377C /* LBHome.storyboard */,
				3A0CC4F91FAF2FF600C3377C /* LBHomeController.swift */,
			);
			path = home;
			sourceTree = "<group>";
		};
		3A0CC4B81FAF258900C3377C /* main */ = {
			isa = PBXGroup;
			children = (
				3A0CC4B91FAF258900C3377C /* controller */,
			);
			path = main;
			sourceTree = "<group>";
		};
		3A0CC4B91FAF258900C3377C /* controller */ = {
			isa = PBXGroup;
			children = (
				3A0CC4EA1FAF2CDD00C3377C /* LBMainTabBarController.swift */,
				3A0CC4EE1FAF2D3A00C3377C /* LBMainTabBar.storyboard */,
				3A0CC5031FAF308400C3377C /* LBNavController.swift */,
			);
			path = controller;
			sourceTree = "<group>";
		};
		3A0CC4BA1FAF258900C3377C /* profile */ = {
			isa = PBXGroup;
			children = (
				3A0CC4F51FAF2FBB00C3377C /* LBProfile.storyboard */,
				3A0CC5011FAF306000C3377C /* LBProfileController.swift */,
			);
			path = profile;
			sourceTree = "<group>";
		};
		3A0CC4BB1FAF258900C3377C /* rank */ = {
			isa = PBXGroup;
			children = (
				3A0CC4FB1FAF301600C3377C /* LBRankController.swift */,
				3A0CC4FD1FAF302200C3377C /* LBRank.storyboard */,
			);
			path = rank;
			sourceTree = "<group>";
		};
		3A0CC4C31FAF2B2800C3377C /* tool */ = {
			isa = PBXGroup;
			children = (
				3A566A762060F6F500912CCF /* common */,
				F877D9942020520100B6030F /* Extension */,
				3A0CC4C41FAF2B2800C3377C /* Additions */,
			);
			path = tool;
			sourceTree = "<group>";
		};
		3A0CC4C41FAF2B2800C3377C /* Additions */ = {
			isa = PBXGroup;
			children = (
				3A0CC4C51FAF2B2800C3377C /* CZAdditions.h */,
				3A0CC4C61FAF2B2800C3377C /* NSArray+Log.h */,
				3A0CC4C71FAF2B2800C3377C /* NSArray+Log.m */,
				3A0CC4C81FAF2B2800C3377C /* NSAttributedString+CZAdditon.h */,
				3A0CC4C91FAF2B2800C3377C /* NSAttributedString+CZAdditon.m */,
				3A0CC4CA1FAF2B2800C3377C /* NSObject+CZRuntime.h */,
				3A0CC4CB1FAF2B2800C3377C /* NSObject+CZRuntime.m */,
				3A0CC4CC1FAF2B2800C3377C /* NSString+CZBase64.h */,
				3A0CC4CD1FAF2B2800C3377C /* NSString+CZBase64.m */,
				3A0CC4CE1FAF2B2800C3377C /* NSString+CZHash.h */,
				3A0CC4CF1FAF2B2800C3377C /* NSString+CZHash.m */,
				3A0CC4D01FAF2B2800C3377C /* NSString+CZPath.h */,
				3A0CC4D11FAF2B2800C3377C /* NSString+CZPath.m */,
				3A0CC4D21FAF2B2800C3377C /* UIButton+CZAddition.h */,
				3A0CC4D31FAF2B2800C3377C /* UIButton+CZAddition.m */,
				3A0CC4D41FAF2B2800C3377C /* UIColor+CZAddition.h */,
				3A0CC4D51FAF2B2800C3377C /* UIColor+CZAddition.m */,
				3A0CC4D61FAF2B2800C3377C /* UILabel+CZAddition.h */,
				3A0CC4D71FAF2B2800C3377C /* UILabel+CZAddition.m */,
				3A0CC4D81FAF2B2800C3377C /* UIScreen+CZAddition.h */,
				3A0CC4D91FAF2B2800C3377C /* UIScreen+CZAddition.m */,
				3A0CC4DA1FAF2B2800C3377C /* UIView+CZAddition.h */,
				3A0CC4DB1FAF2B2800C3377C /* UIView+CZAddition.m */,
				3A0CC4DC1FAF2B2800C3377C /* UIViewController+CZAddition.h */,
				3A0CC4DD1FAF2B2800C3377C /* UIViewController+CZAddition.m */,
			);
			path = Additions;
			sourceTree = "<group>";
		};
		3A0CC4F01FAF2F5C00C3377C /* discover */ = {
			isa = PBXGroup;
			children = (
				3A0CC4F31FAF2FA300C3377C /* LBDiscover.storyboard */,
				3A0CC4FF1FAF304A00C3377C /* LBDiscoverController.swift */,
			);
			path = discover;
			sourceTree = "<group>";
		};
		3A0E14DE205F640D00D52325 /* base */ = {
			isa = PBXGroup;
			children = (
			);
			path = base;
			sourceTree = "<group>";
		};
		3A566A762060F6F500912CCF /* common */ = {
			isa = PBXGroup;
			children = (
				3A566A772060F70400912CCF /* LBConst.swift */,
			);
			path = common;
			sourceTree = "<group>";
		};
		3A566A7B2060F91800912CCF /* model */ = {
			isa = PBXGroup;
			children = (
				3A566A7C2060F93100912CCF /* LBHomeType.swift */,
			);
			path = model;
			sourceTree = "<group>";
		};
		3D1D08316B2D7EB3EA878187 /* Pods */ = {
			isa = PBXGroup;
			children = (
				72B9ED3BE1788D970C6548D4 /* Pods-LBTV.debug.xcconfig */,
				4035BB28028613F18C71BD69 /* Pods-LBTV.release.xcconfig */,
			);
			name = Pods;
			sourceTree = "<group>";
		};
		F86FE5312029823200010E27 /* source */ = {
			isa = PBXGroup;
			children = (
				3A566A792060F83700912CCF /* types.plist */,
				F86FE536202982BF00010E27 /* tabbar */,
			);
			path = source;
			sourceTree = "<group>";
		};
		F86FE536202982BF00010E27 /* tabbar */ = {
			isa = PBXGroup;
			children = (
				F86FE53B2029830100010E27 /* found-n@2x.png */,
				F86FE53C2029830100010E27 /* found-n@3x.png */,
				F86FE5382029830100010E27 /* found-p@2x.png */,
				F86FE5432029830200010E27 /* found-p@3x.png */,
				F86FE5372029830100010E27 /* homepage_btn_play_n@2x.png */,
				F86FE53F2029830100010E27 /* homepage_btn_play_n@3x.png */,
				F86FE53A2029830100010E27 /* live-n@2x.png */,
				F86FE5402029830100010E27 /* live-n@3x.png */,
				F86FE5422029830200010E27 /* live-p@2x.png */,
				F86FE5482029830200010E27 /* live-p@3x.png */,
				F86FE5392029830100010E27 /* mine-n@2x.png */,
				F86FE5412029830100010E27 /* mine-n@3x.png */,
				F86FE5442029830200010E27 /* mine-p@2x.png */,
				F86FE53D2029830100010E27 /* mine-p@3x.png */,
				F86FE53E2029830100010E27 /* ranking-n@2x.png */,
				F86FE5452029830200010E27 /* ranking-n@3x.png */,
				F86FE5472029830200010E27 /* ranking-p@2x.png */,
				F86FE5462029830200010E27 /* ranking-p@3x.png */,
			);
			path = tabbar;
			sourceTree = "<group>";
		};
		F877D9942020520100B6030F /* Extension */ = {
			isa = PBXGroup;
			children = (
				F877D9952020524900B6030F /* UIColor+Extension.swift */,
				3A566A742060F69100912CCF /* NSDate+Extension.swift */,
			);
			path = Extension;
			sourceTree = "<group>";
		};
/* End PBXGroup section */

/* Begin PBXNativeTarget section */
		3A0CC4831FAF24B100C3377C /* LBTV */ = {
			isa = PBXNativeTarget;
			buildConfigurationList = 3A0CC4AC1FAF24B100C3377C /* Build configuration list for PBXNativeTarget "LBTV" */;
			buildPhases = (
				94D0EA14235F5218E7D40BC5 /* [CP] Check Pods Manifest.lock */,
				3A0CC4801FAF24B100C3377C /* Sources */,
				3A0CC4811FAF24B100C3377C /* Frameworks */,
				3A0CC4821FAF24B100C3377C /* Resources */,
				A95EA0426BF260342DB48AFD /* [CP] Embed Pods Frameworks */,
				FE93B554D463E6D7AC86388B /* [CP] Copy Pods Resources */,
			);
			buildRules = (
			);
			dependencies = (
			);
			name = LBTV;
			productName = LBTV;
			productReference = 3A0CC4841FAF24B100C3377C /* LBTV.app */;
			productType = "com.apple.product-type.application";
		};
		3A0CC4971FAF24B100C3377C /* LBTVTests */ = {
			isa = PBXNativeTarget;
			buildConfigurationList = 3A0CC4AF1FAF24B100C3377C /* Build configuration list for PBXNativeTarget "LBTVTests" */;
			buildPhases = (
				3A0CC4941FAF24B100C3377C /* Sources */,
				3A0CC4951FAF24B100C3377C /* Frameworks */,
				3A0CC4961FAF24B100C3377C /* Resources */,
			);
			buildRules = (
			);
			dependencies = (
				3A0CC49A1FAF24B100C3377C /* PBXTargetDependency */,
			);
			name = LBTVTests;
			productName = LBTVTests;
			productReference = 3A0CC4981FAF24B100C3377C /* LBTVTests.xctest */;
			productType = "com.apple.product-type.bundle.unit-test";
		};
		3A0CC4A21FAF24B100C3377C /* LBTVUITests */ = {
			isa = PBXNativeTarget;
			buildConfigurationList = 3A0CC4B21FAF24B100C3377C /* Build configuration list for PBXNativeTarget "LBTVUITests" */;
			buildPhases = (
				3A0CC49F1FAF24B100C3377C /* Sources */,
				3A0CC4A01FAF24B100C3377C /* Frameworks */,
				3A0CC4A11FAF24B100C3377C /* Resources */,
			);
			buildRules = (
			);
			dependencies = (
				3A0CC4A51FAF24B100C3377C /* PBXTargetDependency */,
			);
			name = LBTVUITests;
			productName = LBTVUITests;
			productReference = 3A0CC4A31FAF24B100C3377C /* LBTVUITests.xctest */;
			productType = "com.apple.product-type.bundle.ui-testing";
		};
/* End PBXNativeTarget section */

/* Begin PBXProject section */
		3A0CC47C1FAF24B100C3377C /* Project object */ = {
			isa = PBXProject;
			attributes = {
				CLASSPREFIX = LB;
				LastSwiftUpdateCheck = 0830;
				LastUpgradeCheck = 0830;
				ORGANIZATIONNAME = liubo;
				TargetAttributes = {
					3A0CC4831FAF24B100C3377C = {
						CreatedOnToolsVersion = 8.3.3;
						DevelopmentTeam = MECQS3Z269;
						ProvisioningStyle = Automatic;
					};
					3A0CC4971FAF24B100C3377C = {
						CreatedOnToolsVersion = 8.3.3;
						ProvisioningStyle = Automatic;
						TestTargetID = 3A0CC4831FAF24B100C3377C;
					};
					3A0CC4A21FAF24B100C3377C = {
						CreatedOnToolsVersion = 8.3.3;
						ProvisioningStyle = Automatic;
						TestTargetID = 3A0CC4831FAF24B100C3377C;
					};
				};
			};
			buildConfigurationList = 3A0CC47F1FAF24B100C3377C /* Build configuration list for PBXProject "LBTV" */;
			compatibilityVersion = "Xcode 3.2";
			developmentRegion = English;
			hasScannedForEncodings = 0;
			knownRegions = (
				en,
				Base,
			);
			mainGroup = 3A0CC47B1FAF24B100C3377C;
			productRefGroup = 3A0CC4851FAF24B100C3377C /* Products */;
			projectDirPath = "";
			projectRoot = "";
			targets = (
				3A0CC4831FAF24B100C3377C /* LBTV */,
				3A0CC4971FAF24B100C3377C /* LBTVTests */,
				3A0CC4A21FAF24B100C3377C /* LBTVUITests */,
			);
		};
/* End PBXProject section */

/* Begin PBXResourcesBuildPhase section */
		3A0CC4821FAF24B100C3377C /* Resources */ = {
			isa = PBXResourcesBuildPhase;
			buildActionMask = 2147483647;
			files = (
				F86FE54D2029830200010E27 /* found-n@2x.png in Resources */,
				F86FE54F2029830200010E27 /* mine-p@3x.png in Resources */,
				3A0CC4EF1FAF2D3A00C3377C /* LBMainTabBar.storyboard in Resources */,
				F86FE55A2029830200010E27 /* live-p@3x.png in Resources */,
				F86FE54C2029830200010E27 /* live-n@2x.png in Resources */,
				F86FE5502029830200010E27 /* ranking-n@2x.png in Resources */,
				F86FE54E2029830200010E27 /* found-n@3x.png in Resources */,
				F86FE5582029830200010E27 /* ranking-p@3x.png in Resources */,
				F86FE54B2029830200010E27 /* mine-n@2x.png in Resources */,
				F86FE5492029830200010E27 /* homepage_btn_play_n@2x.png in Resources */,
				F86FE5542029830200010E27 /* live-p@2x.png in Resources */,
				3A0CC4F41FAF2FA300C3377C /* LBDiscover.storyboard in Resources */,
				F86FE5572029830200010E27 /* ranking-n@3x.png in Resources */,
				F86FE54A2029830200010E27 /* found-p@2x.png in Resources */,
				3A0CC4921FAF24B100C3377C /* LaunchScreen.storyboard in Resources */,
				3A0CC4F61FAF2FBB00C3377C /* LBProfile.storyboard in Resources */,
				3A0CC48F1FAF24B100C3377C /* Assets.xcassets in Resources */,
				F86FE5532029830200010E27 /* mine-n@3x.png in Resources */,
				F86FE5562029830200010E27 /* mine-p@2x.png in Resources */,
				F86FE5512029830200010E27 /* homepage_btn_play_n@3x.png in Resources */,
				F86FE5522029830200010E27 /* live-n@3x.png in Resources */,
				F86FE5592029830200010E27 /* ranking-p@2x.png in Resources */,
				3A566A7A2060F83700912CCF /* types.plist in Resources */,
				3A0CC4F81FAF2FD600C3377C /* LBHome.storyboard in Resources */,
				3A0CC4FE1FAF302200C3377C /* LBRank.storyboard in Resources */,
				F86FE5552029830200010E27 /* found-p@3x.png in Resources */,
			);
			runOnlyForDeploymentPostprocessing = 0;
		};
		3A0CC4961FAF24B100C3377C /* Resources */ = {
			isa = PBXResourcesBuildPhase;
			buildActionMask = 2147483647;
			files = (
			);
			runOnlyForDeploymentPostprocessing = 0;
		};
		3A0CC4A11FAF24B100C3377C /* Resources */ = {
			isa = PBXResourcesBuildPhase;
			buildActionMask = 2147483647;
			files = (
			);
			runOnlyForDeploymentPostprocessing = 0;
		};
/* End PBXResourcesBuildPhase section */

/* Begin PBXShellScriptBuildPhase section */
		94D0EA14235F5218E7D40BC5 /* [CP] Check Pods Manifest.lock */ = {
			isa = PBXShellScriptBuildPhase;
			buildActionMask = 2147483647;
			files = (
			);
			inputPaths = (
				"${PODS_PODFILE_DIR_PATH}/Podfile.lock",
				"${PODS_ROOT}/Manifest.lock",
			);
			name = "[CP] Check Pods Manifest.lock";
			outputPaths = (
				"$(DERIVED_FILE_DIR)/Pods-LBTV-checkManifestLockResult.txt",
			);
			runOnlyForDeploymentPostprocessing = 0;
			shellPath = /bin/sh;
			shellScript = "diff \"${PODS_PODFILE_DIR_PATH}/Podfile.lock\" \"${PODS_ROOT}/Manifest.lock\" > /dev/null\nif [ $? != 0 ] ; then\n    # print error to STDERR\n    echo \"error: The sandbox is not in sync with the Podfile.lock. Run 'pod install' or update your CocoaPods installation.\" >&2\n    exit 1\nfi\n# This output is used by Xcode 'outputs' to avoid re-running this script phase.\necho \"SUCCESS\" > \"${SCRIPT_OUTPUT_FILE_0}\"\n";
			showEnvVarsInLog = 0;
		};
		A95EA0426BF260342DB48AFD /* [CP] Embed Pods Frameworks */ = {
			isa = PBXShellScriptBuildPhase;
			buildActionMask = 2147483647;
			files = (
			);
			inputPaths = (
				"${SRCROOT}/Pods/Target Support Files/Pods-LBTV/Pods-LBTV-frameworks.sh",
				"${BUILT_PRODUCTS_DIR}/Alamofire/Alamofire.framework",
				"${BUILT_PRODUCTS_DIR}/Kingfisher/Kingfisher.framework",
			);
			name = "[CP] Embed Pods Frameworks";
			outputPaths = (
				"${TARGET_BUILD_DIR}/${FRAMEWORKS_FOLDER_PATH}/Alamofire.framework",
				"${TARGET_BUILD_DIR}/${FRAMEWORKS_FOLDER_PATH}/Kingfisher.framework",
			);
			runOnlyForDeploymentPostprocessing = 0;
			shellPath = /bin/sh;
			shellScript = "\"${SRCROOT}/Pods/Target Support Files/Pods-LBTV/Pods-LBTV-frameworks.sh\"\n";
			showEnvVarsInLog = 0;
		};
		FE93B554D463E6D7AC86388B /* [CP] Copy Pods Resources */ = {
			isa = PBXShellScriptBuildPhase;
			buildActionMask = 2147483647;
			files = (
			);
			inputPaths = (
			);
			name = "[CP] Copy Pods Resources";
			outputPaths = (
			);
			runOnlyForDeploymentPostprocessing = 0;
			shellPath = /bin/sh;
			shellScript = "\"${SRCROOT}/Pods/Target Support Files/Pods-LBTV/Pods-LBTV-resources.sh\"\n";
			showEnvVarsInLog = 0;
		};
/* End PBXShellScriptBuildPhase section */

/* Begin PBXSourcesBuildPhase section */
		3A0CC4801FAF24B100C3377C /* Sources */ = {
			isa = PBXSourcesBuildPhase;
			buildActionMask = 2147483647;
			files = (
				3A0CC4E51FAF2B2800C3377C /* UIColor+CZAddition.m in Sources */,
				3A0CC4DF1FAF2B2800C3377C /* NSAttributedString+CZAdditon.m in Sources */,
				3A0CC4E31FAF2B2800C3377C /* NSString+CZPath.m in Sources */,
				3A566A782060F70400912CCF /* LBConst.swift in Sources */,
				3A0CC4FA1FAF2FF600C3377C /* LBHomeController.swift in Sources */,
				3A0CC4DE1FAF2B2800C3377C /* NSArray+Log.m in Sources */,
				3A0CC4EB1FAF2CDD00C3377C /* LBMainTabBarController.swift in Sources */,
				3A566A752060F69100912CCF /* NSDate+Extension.swift in Sources */,
				3A0CC5001FAF304A00C3377C /* LBDiscoverController.swift in Sources */,
				3A0CC4E41FAF2B2800C3377C /* UIButton+CZAddition.m in Sources */,
				3A0CC5041FAF308400C3377C /* LBNavController.swift in Sources */,
				3A0CC4E81FAF2B2800C3377C /* UIView+CZAddition.m in Sources */,
				3A0CC4E21FAF2B2800C3377C /* NSString+CZHash.m in Sources */,
				3A0CC4E61FAF2B2800C3377C /* UILabel+CZAddition.m in Sources */,
				3A0CC4E11FAF2B2800C3377C /* NSString+CZBase64.m in Sources */,
				3A0CC4E01FAF2B2800C3377C /* NSObject+CZRuntime.m in Sources */,
				3A0CC5021FAF306000C3377C /* LBProfileController.swift in Sources */,
				3A0CC4E91FAF2B2800C3377C /* UIViewController+CZAddition.m in Sources */,
				3A566A7D2060F93100912CCF /* LBHomeType.swift in Sources */,
				3A0CC4E71FAF2B2800C3377C /* UIScreen+CZAddition.m in Sources */,
				3A0CC4881FAF24B100C3377C /* AppDelegate.swift in Sources */,
				3A0CC4FC1FAF301600C3377C /* LBRankController.swift in Sources */,
				F877D9962020524900B6030F /* UIColor+Extension.swift in Sources */,
			);
			runOnlyForDeploymentPostprocessing = 0;
		};
		3A0CC4941FAF24B100C3377C /* Sources */ = {
			isa = PBXSourcesBuildPhase;
			buildActionMask = 2147483647;
			files = (
				3A0CC49D1FAF24B100C3377C /* LBTVTests.swift in Sources */,
			);
			runOnlyForDeploymentPostprocessing = 0;
		};
		3A0CC49F1FAF24B100C3377C /* Sources */ = {
			isa = PBXSourcesBuildPhase;
			buildActionMask = 2147483647;
			files = (
				3A0CC4A81FAF24B100C3377C /* LBTVUITests.swift in Sources */,
			);
			runOnlyForDeploymentPostprocessing = 0;
		};
/* End PBXSourcesBuildPhase section */

/* Begin PBXTargetDependency section */
		3A0CC49A1FAF24B100C3377C /* PBXTargetDependency */ = {
			isa = PBXTargetDependency;
			target = 3A0CC4831FAF24B100C3377C /* LBTV */;
			targetProxy = 3A0CC4991FAF24B100C3377C /* PBXContainerItemProxy */;
		};
		3A0CC4A51FAF24B100C3377C /* PBXTargetDependency */ = {
			isa = PBXTargetDependency;
			target = 3A0CC4831FAF24B100C3377C /* LBTV */;
			targetProxy = 3A0CC4A41FAF24B100C3377C /* PBXContainerItemProxy */;
		};
/* End PBXTargetDependency section */

/* Begin PBXVariantGroup section */
		3A0CC4901FAF24B100C3377C /* LaunchScreen.storyboard */ = {
			isa = PBXVariantGroup;
			children = (
				3A0CC4911FAF24B100C3377C /* Base */,
			);
			name = LaunchScreen.storyboard;
			sourceTree = "<group>";
		};
/* End PBXVariantGroup section */

/* Begin XCBuildConfiguration section */
		3A0CC4AA1FAF24B100C3377C /* Debug */ = {
			isa = XCBuildConfiguration;
			buildSettings = {
				ALWAYS_SEARCH_USER_PATHS = NO;
				CLANG_ANALYZER_NONNULL = YES;
				CLANG_ANALYZER_NUMBER_OBJECT_CONVERSION = YES_AGGRESSIVE;
				CLANG_CXX_LANGUAGE_STANDARD = "gnu++0x";
				CLANG_CXX_LIBRARY = "libc++";
				CLANG_ENABLE_MODULES = YES;
				CLANG_ENABLE_OBJC_ARC = YES;
				CLANG_WARN_BOOL_CONVERSION = YES;
				CLANG_WARN_CONSTANT_CONVERSION = YES;
				CLANG_WARN_DIRECT_OBJC_ISA_USAGE = YES_ERROR;
				CLANG_WARN_DOCUMENTATION_COMMENTS = YES;
				CLANG_WARN_EMPTY_BODY = YES;
				CLANG_WARN_ENUM_CONVERSION = YES;
				CLANG_WARN_INFINITE_RECURSION = YES;
				CLANG_WARN_INT_CONVERSION = YES;
				CLANG_WARN_OBJC_ROOT_CLASS = YES_ERROR;
				CLANG_WARN_SUSPICIOUS_MOVE = YES;
				CLANG_WARN_UNREACHABLE_CODE = YES;
				CLANG_WARN__DUPLICATE_METHOD_MATCH = YES;
				"CODE_SIGN_IDENTITY[sdk=iphoneos*]" = "iPhone Developer";
				COPY_PHASE_STRIP = NO;
				DEBUG_INFORMATION_FORMAT = dwarf;
				ENABLE_STRICT_OBJC_MSGSEND = YES;
				ENABLE_TESTABILITY = YES;
				GCC_C_LANGUAGE_STANDARD = gnu99;
				GCC_DYNAMIC_NO_PIC = NO;
				GCC_NO_COMMON_BLOCKS = YES;
				GCC_OPTIMIZATION_LEVEL = 0;
				GCC_PREPROCESSOR_DEFINITIONS = (
					"DEBUG=1",
					"$(inherited)",
				);
				GCC_WARN_64_TO_32_BIT_CONVERSION = YES;
				GCC_WARN_ABOUT_RETURN_TYPE = YES_ERROR;
				GCC_WARN_UNDECLARED_SELECTOR = YES;
				GCC_WARN_UNINITIALIZED_AUTOS = YES_AGGRESSIVE;
				GCC_WARN_UNUSED_FUNCTION = YES;
				GCC_WARN_UNUSED_VARIABLE = YES;
				IPHONEOS_DEPLOYMENT_TARGET = 10.3;
				MTL_ENABLE_DEBUG_INFO = YES;
				ONLY_ACTIVE_ARCH = YES;
				SDKROOT = iphoneos;
				SWIFT_ACTIVE_COMPILATION_CONDITIONS = DEBUG;
				SWIFT_OPTIMIZATION_LEVEL = "-Onone";
			};
			name = Debug;
		};
		3A0CC4AB1FAF24B100C3377C /* Release */ = {
			isa = XCBuildConfiguration;
			buildSettings = {
				ALWAYS_SEARCH_USER_PATHS = NO;
				CLANG_ANALYZER_NONNULL = YES;
				CLANG_ANALYZER_NUMBER_OBJECT_CONVERSION = YES_AGGRESSIVE;
				CLANG_CXX_LANGUAGE_STANDARD = "gnu++0x";
				CLANG_CXX_LIBRARY = "libc++";
				CLANG_ENABLE_MODULES = YES;
				CLANG_ENABLE_OBJC_ARC = YES;
				CLANG_WARN_BOOL_CONVERSION = YES;
				CLANG_WARN_CONSTANT_CONVERSION = YES;
				CLANG_WARN_DIRECT_OBJC_ISA_USAGE = YES_ERROR;
				CLANG_WARN_DOCUMENTATION_COMMENTS = YES;
				CLANG_WARN_EMPTY_BODY = YES;
				CLANG_WARN_ENUM_CONVERSION = YES;
				CLANG_WARN_INFINITE_RECURSION = YES;
				CLANG_WARN_INT_CONVERSION = YES;
				CLANG_WARN_OBJC_ROOT_CLASS = YES_ERROR;
				CLANG_WARN_SUSPICIOUS_MOVE = YES;
				CLANG_WARN_UNREACHABLE_CODE = YES;
				CLANG_WARN__DUPLICATE_METHOD_MATCH = YES;
				"CODE_SIGN_IDENTITY[sdk=iphoneos*]" = "iPhone Developer";
				COPY_PHASE_STRIP = NO;
				DEBUG_INFORMATION_FORMAT = "dwarf-with-dsym";
				ENABLE_NS_ASSERTIONS = NO;
				ENABLE_STRICT_OBJC_MSGSEND = YES;
				GCC_C_LANGUAGE_STANDARD = gnu99;
				GCC_NO_COMMON_BLOCKS = YES;
				GCC_WARN_64_TO_32_BIT_CONVERSION = YES;
				GCC_WARN_ABOUT_RETURN_TYPE = YES_ERROR;
				GCC_WARN_UNDECLARED_SELECTOR = YES;
				GCC_WARN_UNINITIALIZED_AUTOS = YES_AGGRESSIVE;
				GCC_WARN_UNUSED_FUNCTION = YES;
				GCC_WARN_UNUSED_VARIABLE = YES;
				IPHONEOS_DEPLOYMENT_TARGET = 10.3;
				MTL_ENABLE_DEBUG_INFO = NO;
				SDKROOT = iphoneos;
				SWIFT_OPTIMIZATION_LEVEL = "-Owholemodule";
				VALIDATE_PRODUCT = YES;
			};
			name = Release;
		};
		3A0CC4AD1FAF24B100C3377C /* Debug */ = {
			isa = XCBuildConfiguration;
			baseConfigurationReference = 72B9ED3BE1788D970C6548D4 /* Pods-LBTV.debug.xcconfig */;
			buildSettings = {
				ASSETCATALOG_COMPILER_APPICON_NAME = AppIcon;
				ASSETCATALOG_COMPILER_LAUNCHIMAGE_NAME = LaunchImage;
				DEVELOPMENT_TEAM = MECQS3Z269;
				INFOPLIST_FILE = LBTV/Info.plist;
				IPHONEOS_DEPLOYMENT_TARGET = 8.0;
				LD_RUNPATH_SEARCH_PATHS = "$(inherited) @executable_path/Frameworks";
				PRODUCT_BUNDLE_IDENTIFIER = liubo.LBTV;
				PRODUCT_NAME = "$(TARGET_NAME)";
				SWIFT_OBJC_BRIDGING_HEADER = LBTV/LBBridingHeader.h;
				SWIFT_VERSION = 3.0;
			};
			name = Debug;
		};
		3A0CC4AE1FAF24B100C3377C /* Release */ = {
			isa = XCBuildConfiguration;
			baseConfigurationReference = 4035BB28028613F18C71BD69 /* Pods-LBTV.release.xcconfig */;
			buildSettings = {
				ASSETCATALOG_COMPILER_APPICON_NAME = AppIcon;
				ASSETCATALOG_COMPILER_LAUNCHIMAGE_NAME = LaunchImage;
				DEVELOPMENT_TEAM = MECQS3Z269;
				INFOPLIST_FILE = LBTV/Info.plist;
				IPHONEOS_DEPLOYMENT_TARGET = 8.0;
				LD_RUNPATH_SEARCH_PATHS = "$(inherited) @executable_path/Frameworks";
				PRODUCT_BUNDLE_IDENTIFIER = liubo.LBTV;
				PRODUCT_NAME = "$(TARGET_NAME)";
				SWIFT_OBJC_BRIDGING_HEADER = LBTV/LBBridingHeader.h;
				SWIFT_VERSION = 3.0;
			};
			name = Release;
		};
		3A0CC4B01FAF24B100C3377C /* Debug */ = {
			isa = XCBuildConfiguration;
			buildSettings = {
				ALWAYS_EMBED_SWIFT_STANDARD_LIBRARIES = YES;
				BUNDLE_LOADER = "$(TEST_HOST)";
				INFOPLIST_FILE = LBTVTests/Info.plist;
				LD_RUNPATH_SEARCH_PATHS = "$(inherited) @executable_path/Frameworks @loader_path/Frameworks";
				PRODUCT_BUNDLE_IDENTIFIER = liubo.LBTVTests;
				PRODUCT_NAME = "$(TARGET_NAME)";
				SWIFT_VERSION = 3.0;
				TEST_HOST = "$(BUILT_PRODUCTS_DIR)/LBTV.app/LBTV";
			};
			name = Debug;
		};
		3A0CC4B11FAF24B100C3377C /* Release */ = {
			isa = XCBuildConfiguration;
			buildSettings = {
				ALWAYS_EMBED_SWIFT_STANDARD_LIBRARIES = YES;
				BUNDLE_LOADER = "$(TEST_HOST)";
				INFOPLIST_FILE = LBTVTests/Info.plist;
				LD_RUNPATH_SEARCH_PATHS = "$(inherited) @executable_path/Frameworks @loader_path/Frameworks";
				PRODUCT_BUNDLE_IDENTIFIER = liubo.LBTVTests;
				PRODUCT_NAME = "$(TARGET_NAME)";
				SWIFT_VERSION = 3.0;
				TEST_HOST = "$(BUILT_PRODUCTS_DIR)/LBTV.app/LBTV";
			};
			name = Release;
		};
		3A0CC4B31FAF24B100C3377C /* Debug */ = {
			isa = XCBuildConfiguration;
			buildSettings = {
				ALWAYS_EMBED_SWIFT_STANDARD_LIBRARIES = YES;
				INFOPLIST_FILE = LBTVUITests/Info.plist;
				LD_RUNPATH_SEARCH_PATHS = "$(inherited) @executable_path/Frameworks @loader_path/Frameworks";
				PRODUCT_BUNDLE_IDENTIFIER = liubo.LBTVUITests;
				PRODUCT_NAME = "$(TARGET_NAME)";
				SWIFT_VERSION = 3.0;
				TEST_TARGET_NAME = LBTV;
			};
			name = Debug;
		};
		3A0CC4B41FAF24B100C3377C /* Release */ = {
			isa = XCBuildConfiguration;
			buildSettings = {
				ALWAYS_EMBED_SWIFT_STANDARD_LIBRARIES = YES;
				INFOPLIST_FILE = LBTVUITests/Info.plist;
				LD_RUNPATH_SEARCH_PATHS = "$(inherited) @executable_path/Frameworks @loader_path/Frameworks";
				PRODUCT_BUNDLE_IDENTIFIER = liubo.LBTVUITests;
				PRODUCT_NAME = "$(TARGET_NAME)";
				SWIFT_VERSION = 3.0;
				TEST_TARGET_NAME = LBTV;
			};
			name = Release;
		};
/* End XCBuildConfiguration section */

/* Begin XCConfigurationList section */
		3A0CC47F1FAF24B100C3377C /* Build configuration list for PBXProject "LBTV" */ = {
			isa = XCConfigurationList;
			buildConfigurations = (
				3A0CC4AA1FAF24B100C3377C /* Debug */,
				3A0CC4AB1FAF24B100C3377C /* Release */,
			);
			defaultConfigurationIsVisible = 0;
			defaultConfigurationName = Release;
		};
		3A0CC4AC1FAF24B100C3377C /* Build configuration list for PBXNativeTarget "LBTV" */ = {
			isa = XCConfigurationList;
			buildConfigurations = (
				3A0CC4AD1FAF24B100C3377C /* Debug */,
				3A0CC4AE1FAF24B100C3377C /* Release */,
			);
			defaultConfigurationIsVisible = 0;
			defaultConfigurationName = Release;
		};
		3A0CC4AF1FAF24B100C3377C /* Build configuration list for PBXNativeTarget "LBTVTests" */ = {
			isa = XCConfigurationList;
			buildConfigurations = (
				3A0CC4B01FAF24B100C3377C /* Debug */,
				3A0CC4B11FAF24B100C3377C /* Release */,
			);
			defaultConfigurationIsVisible = 0;
			defaultConfigurationName = Release;
		};
		3A0CC4B21FAF24B100C3377C /* Build configuration list for PBXNativeTarget "LBTVUITests" */ = {
			isa = XCConfigurationList;
			buildConfigurations = (
				3A0CC4B31FAF24B100C3377C /* Debug */,
				3A0CC4B41FAF24B100C3377C /* Release */,
			);
			defaultConfigurationIsVisible = 0;
			defaultConfigurationName = Release;
		};
/* End XCConfigurationList section */
	};
	rootObject = 3A0CC47C1FAF24B100C3377C /* Project object */;
}
